
Microsoft Visual Studio Solution File, Format Version 12.00
# Visual Studio 15
VisualStudioVersion = 15.0.28307.960
MinimumVisualStudioVersion = 10.0.40219.1
Project("{FAE04EC0-301F-11D3-BF4B-00C04F79EFBC}") = "Senai.InLock.WebApi", "Senai.InLock.WebApi\Senai.InLock.WebApi.csproj", "{3E874B0C-4ED2-41DC-9BAB-4658576F1A9F}"
EndProject
Global
	GlobalSection(SolutionConfigurationPlatforms) = preSolution
		Debug|Any CPU = Debug|Any CPU
		Release|Any CPU = Release|Any CPU
	EndGlobalSection
	GlobalSection(ProjectConfigurationPlatforms) = postSolution
		{3E874B0C-4ED2-41DC-9BAB-4658576F1A9F}.Debug|Any CPU.ActiveCfg = Debug|Any CPU
		{3E874B0C-4ED2-41DC-9BAB-4658576F1A9F}.Debug|Any CPU.Build.0 = Debug|Any CPU
		{3E874B0C-4ED2-41DC-9BAB-4658576F1A9F}.Release|Any CPU.ActiveCfg = Release|Any CPU
		{3E874B0C-4ED2-41DC-9BAB-4658576F1A9F}.Release|Any CPU.Build.0 = Release|Any CPU
	EndGlobalSection
	GlobalSection(SolutionProperties) = preSolution
		HideSolutionNode = FALSE
	EndGlobalSection
	GlobalSection(ExtensibilityGlobals) = postSolution
		SolutionGuid = {A3003F54-D573-4F55-BC99-B2B259A748EA}
	EndGlobalSection
EndGlobal
